buf.build/gen/go/antinvestor/common/protocolbuffers/go v1.36.11-20260509050709-3f270876dbf3.1 h1:B8kYvDw/nWj5TLW9vrl95Q5jpD3sSsM/MZa9nViUc/I=
buf.build/gen/go/antinvestor/common/protocolbuffers/go v1.36.11-20260509050709-3f270876dbf3.1/go.mod h1:jRgXqWVsMsSV2ZDzo9s21a1fiAyyO68FibJVAGQzJoY=
buf.build/gen/go/bufbuild/protovalidate/protocolbuffers/go v1.36.11-20260415201107-50325440f8f2.1 h1:s6hzCXtND/ICdGPTMGk7C+/BFlr2Jg5GyH0NKf4XGXg=
buf.build/gen/go/bufbuild/protovalidate/protocolbuffers/go v1.36.11-20260415201107-50325440f8f2.1/go.mod h1:tvtbpgaVXZX4g6Pn+AnzFycuRK3MOz5HJfEGeEllXYM=
buf.build/gen/go/gnostic/gnostic/protocolbuffers/go v1.36.11-20230414000709-087bc8072ce4.1 h1:t8f+WWZ5WNrZaP5zrpWD8f1tKU7eelJMbIAT9FRX558=
buf.build/gen/go/gnostic/gnostic/protocolbuffers/go v1.36.11-20230414000709-087bc8072ce4.1/go.mod h1:/t9AeRQQp2iNkiGHDLfHLW3SzNpYpNPGRZ+Ih8+SOUs=
github.com/cockroachdb/apd/v3 v3.2.3 h1:4Zx+I3R35bFXMnltzmjP79i2cravE4jTRL6ps9Aux80=
github.com/cockroachdb/apd/v3 v3.2.3/go.mod h1:klXJcjp+FffLTHlhIG69tezTDvdP065naDsHzKhYSqc=
github.com/google/go-cmp v0.7.0 h1:wk8382ETsv4JYUZwIsn6YpYiWiBsYLSJiTsyBybVuN8=
github.com/google/go-cmp v0.7.0/go.mod h1:pXiqmnSA92OHEEa9HXL2W4E7lf9JzCmGVUdgjX3N/iU=
github.com/lib/pq v1.10.7 h1:p7ZhMD+KsSRozJr34udlUrhboJwWAgCg34+/ZZNvZZw=
github.com/lib/pq v1.10.7/go.mod h1:AlVN5x4E4T544tWzH6hKfbfQvm3HdbOxrmggDNAPY9o=
github.com/lmittmann/tint v1.1.3 h1:Hv4EaHWXQr+GTFnOU4VKf8UvAtZgn0VuKT+G0wFlO3I=
github.com/lmittmann/tint v1.1.3/go.mod h1:HIS3gSy7qNwGCj+5oRjAutErFBl4BzdQP6cJZ0NfMwE=
github.com/pitabwire/util/decimalx v0.7.1 h1:oXdZQC//UW0sMXhPzot3tkZqNNte4HxYECzdQmEFXN8=
github.com/pitabwire/util/decimalx v0.7.1/go.mod h1:In+I6rW6wpts68TSeLuJnWTiipXf0L45WgDX3vN+g28=
github.com/rs/xid v1.6.0 h1:fV591PaemRlL6JfRxGDEPl69wICngIQ3shQtzfy2gxU=
github.com/rs/xid v1.6.0/go.mod h1:7XoLgs4eV+QndskICGsho+ADou8ySMSjJKDIan90Nz0=
google.golang.org/genproto v0.0.0-20260504160031-60b97b32f348 h1:JjVGDZYWkJWZcxveJGzfkXC5myDVWAd4dZdgbzrDUv8=
google.golang.org/genproto v0.0.0-20260504160031-60b97b32f348/go.mod h1:95PqD4xM+AdOcBGsmgfaofXsiA37uXDtDufVbntT3TU=
google.golang.org/protobuf v1.36.11 h1:fV6ZwhNocDyBLK0dj+fg8ektcVegBBuEolpbTQyBNVE=
google.golang.org/protobuf v1.36.11/go.mod h1:HTf+CrKn2C3g5S8VImy6tdcUvCska2kB7j23XfzDpco=
